<?xml version="1.0" encoding="utf-8"?>
<Project ToolsVersion="4.0" xmlns="http://schemas.microsoft.com/developer/msbuild/2003">
  <ItemGroup>
    <Filter Include="Source Files">
      <UniqueIdentifier>{4FC737F1-C7A5-4376-A066-2A32D752A2FF}</UniqueIdentifier>
      <Extensions>cpp;c;cc;cxx;def;odl;idl;hpj;bat;asm;asmx</Extensions>
    </Filter>
    <Filter Include="Header Files">
      <UniqueIdentifier>{93995380-89BD-4b04-88EB-625FBE52EBFB}</UniqueIdentifier>
      <Extensions>h;hpp;hxx;hm;inl;inc;xsd</Extensions>
    </Filter>
    <Filter Include="Resource Files">
      <UniqueIdentifier>{67DA6AB6-F800-4c08-8B7A-83BB121AAD01}</UniqueIdentifier>
      <Extensions>rc;ico;cur;bmp;dlg;rc2;rct;bin;rgs;gif;jpg;jpeg;jpe;resx;tiff;tif;png;wav;mfcribbon-ms</Extensions>
    </Filter>
    <Filter Include="Header Files\utils">
      <UniqueIdentifier>{a1f6cb5d-0059-4510-a52d-f47ee84c68ea}</UniqueIdentifier>
    </Filter>
    <Filter Include="Header Files\core">
      <UniqueIdentifier>{3208bc8e-37c4-4475-9106-9bd4ce12f725}</UniqueIdentifier>
    </Filter>
  </ItemGroup>
  <ItemGroup>
    <Text Include="ReadMe.txt" />
  </ItemGroup>
  <ItemGroup>
    <ClInclude Include="ActionBlock.h">
      <Filter>Header Files</Filter>
    </ClInclude>
    <ClInclude Include="BufferBlock.h">
      <Filter>Header Files</Filter>
    </ClInclude>
    <ClInclude Include="DataFlowBlockCoreImplement.h">
      <Filter>Header Files</Filter>
    </ClInclude>
    <ClInclude Include="DataflowBlockOptions.h">
      <Filter>Header Files</Filter>
    </ClInclude>
    <ClInclude Include="DataFlowBlockState.h">
      <Filter>Header Files</Filter>
    </ClInclude>
    <ClInclude Include="DataFlowPostItemStatus.h">
      <Filter>Header Files</Filter>
    </ClInclude>
    <ClInclude Include="IDataFlowBlock.h">
      <Filter>Header Files</Filter>
    </ClInclude>
    <ClInclude Include="IInputDataFlowBlock.h">
      <Filter>Header Files</Filter>
    </ClInclude>
    <ClInclude Include="InputDataFlowBlockCoreImplement.h">
      <Filter>Header Files</Filter>
    </ClInclude>
    <ClInclude Include="IOutputDataFlowBlock.h">
      <Filter>Header Files</Filter>
    </ClInclude>
    <ClInclude Include="ReadyEventReceiver.h">
      <Filter>Header Files</Filter>
    </ClInclude>
    <ClInclude Include="TransformBlock.h">
      <Filter>Header Files</Filter>
    </ClInclude>
    <ClInclude Include="DebugInfo.h">
      <Filter>Header Files\utils</Filter>
    </ClInclude>
    <ClInclude Include="PerfCounter.h">
      <Filter>Header Files\utils</Filter>
    </ClInclude>
    <ClInclude Include="Int2Type.h">
      <Filter>Header Files\core</Filter>
    </ClInclude>
    <ClInclude Include="IsVoid.h">
      <Filter>Header Files\core</Filter>
    </ClInclude>
    <ClInclude Include="OutputDataFlowBlockCore.h">
      <Filter>Header Files\core</Filter>
    </ClInclude>
    <ClInclude Include="IDataFlowBlockCompletion.h">
      <Filter>Header Files</Filter>
    </ClInclude>
    <ClInclude Include="DataFlowBlockCompletion.h">
      <Filter>Header Files\core</Filter>
    </ClInclude>
  </ItemGroup>
</Project>